
Microsoft Visual Studio Solution File, Format Version 12.00
# Visual Studio Version 17
VisualStudioVersion = 17.0.31903.59
MinimumVisualStudioVersion = 10.0.40219.1
Project("{FAE04EC0-301F-11D3-BF4B-00C04F79EFBC}") = "ConsoleApp1tarea#2", "ConsoleApp1tarea#2\ConsoleApp1tarea#2.csproj", "{647A5E80-ECF8-4A85-89F9-E200028AA26D}"
EndProject
Global
	GlobalSection(SolutionConfigurationPlatforms) = preSolution
		Debug|Any CPU = Debug|Any CPU
		Release|Any CPU = Release|Any CPU
	EndGlobalSection
	GlobalSection(SolutionProperties) = preSolution
		HideSolutionNode = FALSE
	EndGlobalSection
	GlobalSection(ProjectConfigurationPlatforms) = postSolution
		{647A5E80-ECF8-4A85-89F9-E200028AA26D}.Debug|Any CPU.ActiveCfg = Debug|Any CPU
		{647A5E80-ECF8-4A85-89F9-E200028AA26D}.Debug|Any CPU.Build.0 = Debug|Any CPU
		{647A5E80-ECF8-4A85-89F9-E200028AA26D}.Release|Any CPU.ActiveCfg = Release|Any CPU
		{647A5E80-ECF8-4A85-89F9-E200028AA26D}.Release|Any CPU.Build.0 = Release|Any CPU
	EndGlobalSection
EndGlobal
