
Microsoft Visual Studio Solution File, Format Version 12.00
# Visual Studio Version 17
VisualStudioVersion = 17.0.31903.59
MinimumVisualStudioVersion = 10.0.40219.1
Project("{FAE04EC0-301F-11D3-BF4B-00C04F79EFBC}") = "Ejercicio#1", "Ejercicio#1\Ejercicio#1.csproj", "{2963173C-04D9-41B3-974B-B0265CFA085B}"
EndProject
Project("{FAE04EC0-301F-11D3-BF4B-00C04F79EFBC}") = "Ejercicio#2", "Ejercicio#2\Ejercicio#2.csproj", "{A357AC29-FDB5-42B2-B740-1E1BA7A218F5}"
EndProject
Global
	GlobalSection(SolutionConfigurationPlatforms) = preSolution
		Debug|Any CPU = Debug|Any CPU
		Debug|x64 = Debug|x64
		Debug|x86 = Debug|x86
		Release|Any CPU = Release|Any CPU
		Release|x64 = Release|x64
		Release|x86 = Release|x86
	EndGlobalSection
	GlobalSection(ProjectConfigurationPlatforms) = postSolution
		{2963173C-04D9-41B3-974B-B0265CFA085B}.Debug|Any CPU.ActiveCfg = Debug|Any CPU
		{2963173C-04D9-41B3-974B-B0265CFA085B}.Debug|Any CPU.Build.0 = Debug|Any CPU
		{2963173C-04D9-41B3-974B-B0265CFA085B}.Debug|x64.ActiveCfg = Debug|Any CPU
		{2963173C-04D9-41B3-974B-B0265CFA085B}.Debug|x64.Build.0 = Debug|Any CPU
		{2963173C-04D9-41B3-974B-B0265CFA085B}.Debug|x86.ActiveCfg = Debug|Any CPU
		{2963173C-04D9-41B3-974B-B0265CFA085B}.Debug|x86.Build.0 = Debug|Any CPU
		{2963173C-04D9-41B3-974B-B0265CFA085B}.Release|Any CPU.ActiveCfg = Release|Any CPU
		{2963173C-04D9-41B3-974B-B0265CFA085B}.Release|Any CPU.Build.0 = Release|Any CPU
		{2963173C-04D9-41B3-974B-B0265CFA085B}.Release|x64.ActiveCfg = Release|Any CPU
		{2963173C-04D9-41B3-974B-B0265CFA085B}.Release|x64.Build.0 = Release|Any CPU
		{2963173C-04D9-41B3-974B-B0265CFA085B}.Release|x86.ActiveCfg = Release|Any CPU
		{2963173C-04D9-41B3-974B-B0265CFA085B}.Release|x86.Build.0 = Release|Any CPU
		{A357AC29-FDB5-42B2-B740-1E1BA7A218F5}.Debug|Any CPU.ActiveCfg = Debug|Any CPU
		{A357AC29-FDB5-42B2-B740-1E1BA7A218F5}.Debug|Any CPU.Build.0 = Debug|Any CPU
		{A357AC29-FDB5-42B2-B740-1E1BA7A218F5}.Debug|x64.ActiveCfg = Debug|Any CPU
		{A357AC29-FDB5-42B2-B740-1E1BA7A218F5}.Debug|x64.Build.0 = Debug|Any CPU
		{A357AC29-FDB5-42B2-B740-1E1BA7A218F5}.Debug|x86.ActiveCfg = Debug|Any CPU
		{A357AC29-FDB5-42B2-B740-1E1BA7A218F5}.Debug|x86.Build.0 = Debug|Any CPU
		{A357AC29-FDB5-42B2-B740-1E1BA7A218F5}.Release|Any CPU.ActiveCfg = Release|Any CPU
		{A357AC29-FDB5-42B2-B740-1E1BA7A218F5}.Release|Any CPU.Build.0 = Release|Any CPU
		{A357AC29-FDB5-42B2-B740-1E1BA7A218F5}.Release|x64.ActiveCfg = Release|Any CPU
		{A357AC29-FDB5-42B2-B740-1E1BA7A218F5}.Release|x64.Build.0 = Release|Any CPU
		{A357AC29-FDB5-42B2-B740-1E1BA7A218F5}.Release|x86.ActiveCfg = Release|Any CPU
		{A357AC29-FDB5-42B2-B740-1E1BA7A218F5}.Release|x86.Build.0 = Release|Any CPU
	EndGlobalSection
	GlobalSection(SolutionProperties) = preSolution
		HideSolutionNode = FALSE
	EndGlobalSection
EndGlobal
